
Microsoft Visual Studio Solution File, Format Version 12.00
Project("{FAE04EC0-301F-11D3-BF4B-00C04F79EFBC}") = "WebHtmlEditor", "WebHtmlEditor.csproj", "{268E4ACD-ED23-4742-99C8-6116ADAD72C9}"
EndProject
Global
	GlobalSection(SolutionConfigurationPlatforms) = preSolution
		Debug|Any CPU = Debug|Any CPU
		Release|Any CPU = Release|Any CPU
	EndGlobalSection
	GlobalSection(ProjectConfigurationPlatforms) = postSolution
		{268E4ACD-ED23-4742-99C8-6116ADAD72C9}.Debug|Any CPU.ActiveCfg = Debug|Any CPU
		{268E4ACD-ED23-4742-99C8-6116ADAD72C9}.Debug|Any CPU.Build.0 = Debug|Any CPU
		{268E4ACD-ED23-4742-99C8-6116ADAD72C9}.Release|Any CPU.ActiveCfg = Release|Any CPU
		{268E4ACD-ED23-4742-99C8-6116ADAD72C9}.Release|Any CPU.Build.0 = Release|Any CPU
	EndGlobalSection
EndGlobal
